
Microsoft Visual Studio Solution File, Format Version 12.00
# Visual Studio Version 16
VisualStudioVersion = 16.0.31624.102
MinimumVisualStudioVersion = 10.0.40219.1
Project("{FAE04EC0-301F-11D3-BF4B-00C04F79EFBC}") = "Lesson_01_Generics", "Lesson_01_Generics\Lesson_01_Generics.csproj", "{56C2EC01-81F1-434D-AAF0-14DB022EAF58}"
EndProject
Project("{FAE04EC0-301F-11D3-BF4B-00C04F79EFBC}") = "Lesson_01_LinkedLists", "Lesson_01_LinkedLists\Lesson_01_LinkedLists.csproj", "{64F3EB32-1D15-406A-9565-9AC94CD99C53}"
EndProject
Global
	GlobalSection(SolutionConfigurationPlatforms) = preSolution
		Debug|Any CPU = Debug|Any CPU
		Release|Any CPU = Release|Any CPU
	EndGlobalSection
	GlobalSection(ProjectConfigurationPlatforms) = postSolution
		{56C2EC01-81F1-434D-AAF0-14DB022EAF58}.Debug|Any CPU.ActiveCfg = Debug|Any CPU
		{56C2EC01-81F1-434D-AAF0-14DB022EAF58}.Debug|Any CPU.Build.0 = Debug|Any CPU
		{56C2EC01-81F1-434D-AAF0-14DB022EAF58}.Release|Any CPU.ActiveCfg = Release|Any CPU
		{56C2EC01-81F1-434D-AAF0-14DB022EAF58}.Release|Any CPU.Build.0 = Release|Any CPU
		{64F3EB32-1D15-406A-9565-9AC94CD99C53}.Debug|Any CPU.ActiveCfg = Debug|Any CPU
		{64F3EB32-1D15-406A-9565-9AC94CD99C53}.Debug|Any CPU.Build.0 = Debug|Any CPU
		{64F3EB32-1D15-406A-9565-9AC94CD99C53}.Release|Any CPU.ActiveCfg = Release|Any CPU
		{64F3EB32-1D15-406A-9565-9AC94CD99C53}.Release|Any CPU.Build.0 = Release|Any CPU
	EndGlobalSection
	GlobalSection(SolutionProperties) = preSolution
		HideSolutionNode = FALSE
	EndGlobalSection
	GlobalSection(ExtensibilityGlobals) = postSolution
		SolutionGuid = {21F1B8EA-FE90-45D1-8951-36D1F2F27306}
	EndGlobalSection
EndGlobal
